{
  "name": "gamkien",
  "lockfileVersion": 3,
  "requires": true,
  "packages": {
    "": {
      "dependencies": {
        "@livechat/widget-react": "^1.3.2"
      }
    },
    "node_modules/@livechat/widget-core": {
      "version": "1.3.2",
      "resolved": "https://registry.npmjs.org/@livechat/widget-core/-/widget-core-1.3.2.tgz",
      "integrity": "sha512-yz+p3GKJrcfuD8EGTH5N3dObwcsndbSyqAU7EZ+PCAVrghOUHNbB4fdAPu+EY6iulN9EHieXDu0t8+L2NSaekg==",
      "dependencies": {
        "mitt": "3.0.0"
      }
    },
    "node_modules/@livechat/widget-react": {
      "version": "1.3.2",
      "resolved": "https://registry.npmjs.org/@livechat/widget-react/-/widget-react-1.3.2.tgz",
      "integrity": "sha512-Tp4l63BphUBbiwy0gEAQTZ+N3P6RIsmsZEit4UtL4/OxAhH3VuEHoFnddzykHHxoLImbCqMeVQHL7vVI3XU3Rw==",
      "dependencies": {
        "@livechat/widget-core": "^1.3.2"
      },
      "peerDependencies": {
        "react": "^16.8 || 17 || 18"
      }
    },
    "node_modules/js-tokens": {
      "version": "4.0.0",
      "resolved": "https://registry.npmjs.org/js-tokens/-/js-tokens-4.0.0.tgz",
      "integrity": "sha512-RdJUflcE3cUzKiMqQgsCu06FPu9UdIJO0beYbPhHN4k6apgJtifcoCtT9bcxOpYBtpD2kCM6Sbzg4CausW/PKQ==",
      "peer": true
    },
    "node_modules/loose-envify": {
      "version": "1.4.0",
      "resolved": "https://registry.npmjs.org/loose-envify/-/loose-envify-1.4.0.tgz",
      "integrity": "sha512-lyuxPGr/Wfhrlem2CL/UcnUc1zcqKAImBDzukY7Y5F/yQiNdko6+fRLevlw1HgMySw7f611UIY408EtxRSoK3Q==",
      "peer": true,
      "dependencies": {
        "js-tokens": "^3.0.0 || ^4.0.0"
      },
      "bin": {
        "loose-envify": "cli.js"
      }
    },
    "node_modules/mitt": {
      "version": "3.0.0",
      "resolved": "https://registry.npmjs.org/mitt/-/mitt-3.0.0.tgz",
      "integrity": "sha512-7dX2/10ITVyqh4aOSVI9gdape+t9l2/8QxHrFmUXu4EEUpdlxl6RudZUPZoc+zuY2hk1j7XxVroIVIan/pD/SQ=="
    },
    "node_modules/react": {
      "version": "18.2.0",
      "resolved": "https://registry.npmjs.org/react/-/react-18.2.0.tgz",
      "integrity": "sha512-/3IjMdb2L9QbBdWiW5e3P2/npwMBaU9mHCSCUzNln0ZCYbcfTsGbTJrU/kGemdH2IWmB2ioZ+zkxtmq6g09fGQ==",
      "peer": true,
      "dependencies": {
        "loose-envify": "^1.1.0"
      },
      "engines": {
        "node": ">=0.10.0"
      }
    }
  }
}
